// !$*UTF8*$!
{
	archiveVersion = 1;
	classes = {
	};
	objectVersion = 50;
	objects = {

/* Begin PBXBuildFile section */
		725B467924B3BDE90087053E /* AppDelegate.swift in Sources */ = {isa = PBXBuildFile; fileRef = 725B467824B3BDE90087053E /* AppDelegate.swift */; };
		725B467B24B3BDEA0087053E /* SceneDelegate.swift in Sources */ = {isa = PBXBuildFile; fileRef = 725B467A24B3BDEA0087053E /* SceneDelegate.swift */; };
		725B467D24B3BDEA0087053E /* ViewController.swift in Sources */ = {isa = PBXBuildFile; fileRef = 725B467C24B3BDEA0087053E /* ViewController.swift */; };
		725B468024B3BDEA0087053E /* Main.storyboard in Resources */ = {isa = PBXBuildFile; fileRef = 725B467E24B3BDEA0087053E /* Main.storyboard */; };
		725B468324B3BDEA0087053E /* launchapp.xcdatamodeld in Sources */ = {isa = PBXBuildFile; fileRef = 725B468124B3BDEA0087053E /* launchapp.xcdatamodeld */; };
		725B468524B3BDEB0087053E /* Assets.xcassets in Resources */ = {isa = PBXBuildFile; fileRef = 725B468424B3BDEB0087053E /* Assets.xcassets */; };
		725B468824B3BDEB0087053E /* LaunchScreen.storyboard in Resources */ = {isa = PBXBuildFile; fileRef = 725B468624B3BDEB0087053E /* LaunchScreen.storyboard */; };
/* End PBXBuildFile section */

/* Begin PBXFileReference section */
		723636C324B590C1003A7F7A /* launchapp.entitlements */ = {isa = PBXFileReference; lastKnownFileType = text.plist.entitlements; path = launchapp.entitlements; sourceTree = "<group>"; };
		725B467524B3BDE90087053E /* launchapp.app */ = {isa = PBXFileReference; explicitFileType = wrapper.application; includeInIndex = 0; path = launchapp.app; sourceTree = BUILT_PRODUCTS_DIR; };
		725B467824B3BDE90087053E /* AppDelegate.swift */ = {isa = PBXFileReference; lastKnownFileType = sourcecode.swift; path = AppDelegate.swift; sourceTree = "<group>"; };
		725B467A24B3BDEA0087053E /* SceneDelegate.swift */ = {isa = PBXFileReference; lastKnownFileType = sourcecode.swift; path = SceneDelegate.swift; sourceTree = "<group>"; };
		725B467C24B3BDEA0087053E /* ViewController.swift */ = {isa = PBXFileReference; lastKnownFileType = sourcecode.swift; path = ViewController.swift; sourceTree = "<group>"; };
		725B467F24B3BDEA0087053E /* Base */ = {isa = PBXFileReference; lastKnownFileType = file.storyboard; name = Base; path = Base.lproj/Main.storyboard; sourceTree = "<group>"; };
		725B468224B3BDEA0087053E /* launchapp.xcdatamodel */ = {isa = PBXFileReference; lastKnownFileType = wrapper.xcdatamodel; path = launchapp.xcdatamodel; sourceTree = "<group>"; };
		725B468424B3BDEB0087053E /* Assets.xcassets */ = {isa = PBXFileReference; lastKnownFileType = folder.assetcatalog; path = Assets.xcassets; sourceTree = "<group>"; };
		725B468724B3BDEB0087053E /* Base */ = {isa = PBXFileReference; lastKnownFileType = file.storyboard; name = Base; path = Base.lproj/LaunchScreen.storyboard; sourceTree = "<group>"; };
		725B468924B3BDEB0087053E /* Info.plist */ = {isa = PBXFileReference; lastKnownFileType = text.plist.xml; path = Info.plist; sourceTree = "<group>"; };
/* End PBXFileReference section */

/* Begin PBXFrameworksBuildPhase section */
		725B467224B3BDE90087053E /* Frameworks */ = {
			isa = PBXFrameworksBuildPhase;
			buildActionMask = 2147483647;
			files = (
			);
			runOnlyForDeploymentPostprocessing = 0;
		};
/* End PBXFrameworksBuildPhase section */

/* Begin PBXGroup section */
		725B466C24B3BDE90087053E = {
			isa = PBXGroup;
			children = (
				725B467724B3BDE90087053E /* launchapp */,
				725B467624B3BDE90087053E /* Products */,
			);
			sourceTree = "<group>";
		};
		725B467624B3BDE90087053E /* Products */ = {
			isa = PBXGroup;
			children = (
				725B467524B3BDE90087053E /* launchapp.app */,
			);
			name = Products;
			sourceTree = "<group>";
		};
		725B467724B3BDE90087053E /* launchapp */ = {
			isa = PBXGroup;
			children = (
				723636C324B590C1003A7F7A /* launchapp.entitlements */,
				725B467824B3BDE90087053E /* AppDelegate.swift */,
				725B467A24B3BDEA0087053E /* SceneDelegate.swift */,
				725B467C24B3BDEA0087053E /* ViewController.swift */,
				725B467E24B3BDEA0087053E /* Main.storyboard */,
				725B468424B3BDEB0087053E /* Assets.xcassets */,
				725B468624B3BDEB0087053E /* LaunchScreen.storyboard */,
				725B468924B3BDEB0087053E /* Info.plist */,
				725B468124B3BDEA0087053E /* launchapp.xcdatamodeld */,
			);
			path = launchapp;
			sourceTree = "<group>";
		};
/* End PBXGroup section */

/* Begin PBXNativeTarget section */
		725B467424B3BDE90087053E /* launchapp */ = {
			isa = PBXNativeTarget;
			buildConfigurationList = 725B468C24B3BDEB0087053E /* Build configuration list for PBXNativeTarget "launchapp" */;
			buildPhases = (
				725B467124B3BDE90087053E /* Sources */,
				725B467224B3BDE90087053E /* Frameworks */,
				725B467324B3BDE90087053E /* Resources */,
			);
			buildRules = (
			);
			dependencies = (
			);
			name = launchapp;
			productName = launchapp;
			productReference = 725B467524B3BDE90087053E /* launchapp.app */;
			productType = "com.apple.product-type.application";
		};
/* End PBXNativeTarget section */

/* Begin PBXProject section */
		725B466D24B3BDE90087053E /* Project object */ = {
			isa = PBXProject;
			attributes = {
				LastSwiftUpdateCheck = 1150;
				LastUpgradeCheck = 1150;
				ORGANIZATIONNAME = "Gabriel de Oliveira Maciel";
				TargetAttributes = {
					725B467424B3BDE90087053E = {
						CreatedOnToolsVersion = 11.5;
					};
				};
			};
			buildConfigurationList = 725B467024B3BDE90087053E /* Build configuration list for PBXProject "launchapp" */;
			compatibilityVersion = "Xcode 9.3";
			developmentRegion = en;
			hasScannedForEncodings = 0;
			knownRegions = (
				en,
				Base,
			);
			mainGroup = 725B466C24B3BDE90087053E;
			productRefGroup = 725B467624B3BDE90087053E /* Products */;
			projectDirPath = "";
			projectRoot = "";
			targets = (
				725B467424B3BDE90087053E /* launchapp */,
			);
		};
/* End PBXProject section */

/* Begin PBXResourcesBuildPhase section */
		725B467324B3BDE90087053E /* Resources */ = {
			isa = PBXResourcesBuildPhase;
			buildActionMask = 2147483647;
			files = (
				725B468824B3BDEB0087053E /* LaunchScreen.storyboard in Resources */,
				725B468524B3BDEB0087053E /* Assets.xcassets in Resources */,
				725B468024B3BDEA0087053E /* Main.storyboard in Resources */,
			);
			runOnlyForDeploymentPostprocessing = 0;
		};
/* End PBXResourcesBuildPhase section */

/* Begin PBXSourcesBuildPhase section */
		725B467124B3BDE90087053E /* Sources */ = {
			isa = PBXSourcesBuildPhase;
			buildActionMask = 2147483647;
			files = (
				725B467D24B3BDEA0087053E /* ViewController.swift in Sources */,
				725B467924B3BDE90087053E /* AppDelegate.swift in Sources */,
				725B468324B3BDEA0087053E /* launchapp.xcdatamodeld in Sources */,
				725B467B24B3BDEA0087053E /* SceneDelegate.swift in Sources */,
			);
			runOnlyForDeploymentPostprocessing = 0;
		};
/* End PBXSourcesBuildPhase section */

/* Begin PBXVariantGroup section */
		725B467E24B3BDEA0087053E /* Main.storyboard */ = {
			isa = PBXVariantGroup;
			children = (
				725B467F24B3BDEA0087053E /* Base */,
			);
			name = Main.storyboard;
			sourceTree = "<group>";
		};
		725B468624B3BDEB0087053E /* LaunchScreen.storyboard */ = {
			isa = PBXVariantGroup;
			children = (
				725B468724B3BDEB0087053E /* Base */,
			);
			name = LaunchScreen.storyboard;
			sourceTree = "<group>";
		};
/* End PBXVariantGroup section */

/* Begin XCBuildConfiguration section */
		725B468A24B3BDEB0087053E /* Debug */ = {
			isa = XCBuildConfiguration;
			buildSettings = {
				ALWAYS_SEARCH_USER_PATHS = NO;
				CLANG_ANALYZER_NONNULL = YES;
				CLANG_ANALYZER_NUMBER_OBJECT_CONVERSION = YES_AGGRESSIVE;
				CLANG_CXX_LANGUAGE_STANDARD = "gnu++14";
				CLANG_CXX_LIBRARY = "libc++";
				CLANG_ENABLE_MODULES = YES;
				CLANG_ENABLE_OBJC_ARC = YES;
				CLANG_ENABLE_OBJC_WEAK = YES;
				CLANG_WARN_BLOCK_CAPTURE_AUTORELEASING = YES;
				CLANG_WARN_BOOL_CONVERSION = YES;
				CLANG_WARN_COMMA = YES;
				CLANG_WARN_CONSTANT_CONVERSION = YES;
				CLANG_WARN_DEPRECATED_OBJC_IMPLEMENTATIONS = YES;
				CLANG_WARN_DIRECT_OBJC_ISA_USAGE = YES_ERROR;
				CLANG_WARN_DOCUMENTATION_COMMENTS = YES;
				CLANG_WARN_EMPTY_BODY = YES;
				CLANG_WARN_ENUM_CONVERSION = YES;
				CLANG_WARN_INFINITE_RECURSION = YES;
				CLANG_WARN_INT_CONVERSION = YES;
				CLANG_WARN_NON_LITERAL_NULL_CONVERSION = YES;
				CLANG_WARN_OBJC_IMPLICIT_RETAIN_SELF = YES;
				CLANG_WARN_OBJC_LITERAL_CONVERSION = YES;
				CLANG_WARN_OBJC_ROOT_CLASS = YES_ERROR;
				CLANG_WARN_RANGE_LOOP_ANALYSIS = YES;
				CLANG_WARN_STRICT_PROTOTYPES = YES;
				CLANG_WARN_SUSPICIOUS_MOVE = YES;
				CLANG_WARN_UNGUARDED_AVAILABILITY = YES_AGGRESSIVE;
				CLANG_WARN_UNREACHABLE_CODE = YES;
				CLANG_WARN__DUPLICATE_METHOD_MATCH = YES;
				COPY_PHASE_STRIP = NO;
				DEBUG_INFORMATION_FORMAT = dwarf;
				ENABLE_STRICT_OBJC_MSGSEND = YES;
				ENABLE_TESTABILITY = YES;
				GCC_C_LANGUAGE_STANDARD = gnu11;
				GCC_DYNAMIC_NO_PIC = NO;
				GCC_NO_COMMON_BLOCKS = YES;
				GCC_OPTIMIZATION_LEVEL = 0;
				GCC_PREPROCESSOR_DEFINITIONS = (
					"DEBUG=1",
					"$(inherited)",
				);
				GCC_WARN_64_TO_32_BIT_CONVERSION = YES;
				GCC_WARN_ABOUT_RETURN_TYPE = YES_ERROR;
				GCC_WARN_UNDECLARED_SELECTOR = YES;
				GCC_WARN_UNINITIALIZED_AUTOS = YES_AGGRESSIVE;
				GCC_WARN_UNUSED_FUNCTION = YES;
				GCC_WARN_UNUSED_VARIABLE = YES;
				IPHONEOS_DEPLOYMENT_TARGET = 13.5;
				MTL_ENABLE_DEBUG_INFO = INCLUDE_SOURCE;
				MTL_FAST_MATH = YES;
				ONLY_ACTIVE_ARCH = YES;
				SDKROOT = iphoneos;
				SWIFT_ACTIVE_COMPILATION_CONDITIONS = DEBUG;
				SWIFT_OPTIMIZATION_LEVEL = "-Onone";
			};
			name = Debug;
		};
		725B468B24B3BDEB0087053E /* Release */ = {
			isa = XCBuildConfiguration;
			buildSettings = {
				ALWAYS_SEARCH_USER_PATHS = NO;
				CLANG_ANALYZER_NONNULL = YES;
				CLANG_ANALYZER_NUMBER_OBJECT_CONVERSION = YES_AGGRESSIVE;
				CLANG_CXX_LANGUAGE_STANDARD = "gnu++14";
				CLANG_CXX_LIBRARY = "libc++";
				CLANG_ENABLE_MODULES = YES;
				CLANG_ENABLE_OBJC_ARC = YES;
				CLANG_ENABLE_OBJC_WEAK = YES;
				CLANG_WARN_BLOCK_CAPTURE_AUTORELEASING = YES;
				CLANG_WARN_BOOL_CONVERSION = YES;
				CLANG_WARN_COMMA = YES;
				CLANG_WARN_CONSTANT_CONVERSION = YES;
				CLANG_WARN_DEPRECATED_OBJC_IMPLEMENTATIONS = YES;
				CLANG_WARN_DIRECT_OBJC_ISA_USAGE = YES_ERROR;
				CLANG_WARN_DOCUMENTATION_COMMENTS = YES;
				CLANG_WARN_EMPTY_BODY = YES;
				CLANG_WARN_ENUM_CONVERSION = YES;
				CLANG_WARN_INFINITE_RECURSION = YES;
				CLANG_WARN_INT_CONVERSION = YES;
				CLANG_WARN_NON_LITERAL_NULL_CONVERSION = YES;
				CLANG_WARN_OBJC_IMPLICIT_RETAIN_SELF = YES;
				CLANG_WARN_OBJC_LITERAL_CONVERSION = YES;
				CLANG_WARN_OBJC_ROOT_CLASS = YES_ERROR;
				CLANG_WARN_RANGE_LOOP_ANALYSIS = YES;
				CLANG_WARN_STRICT_PROTOTYPES = YES;
				CLANG_WARN_SUSPICIOUS_MOVE = YES;
				CLANG_WARN_UNGUARDED_AVAILABILITY = YES_AGGRESSIVE;
				CLANG_WARN_UNREACHABLE_CODE = YES;
				CLANG_WARN__DUPLICATE_METHOD_MATCH = YES;
				COPY_PHASE_STRIP = NO;
				DEBUG_INFORMATION_FORMAT = "dwarf-with-dsym";
				ENABLE_NS_ASSERTIONS = NO;
				ENABLE_STRICT_OBJC_MSGSEND = YES;
				GCC_C_LANGUAGE_STANDARD = gnu11;
				GCC_NO_COMMON_BLOCKS = YES;
				GCC_WARN_64_TO_32_BIT_CONVERSION = YES;
				GCC_WARN_ABOUT_RETURN_TYPE = YES_ERROR;
				GCC_WARN_UNDECLARED_SELECTOR = YES;
				GCC_WARN_UNINITIALIZED_AUTOS = YES_AGGRESSIVE;
				GCC_WARN_UNUSED_FUNCTION = YES;
				GCC_WARN_UNUSED_VARIABLE = YES;
				IPHONEOS_DEPLOYMENT_TARGET = 13.5;
				MTL_ENABLE_DEBUG_INFO = NO;
				MTL_FAST_MATH = YES;
				SDKROOT = iphoneos;
				SWIFT_COMPILATION_MODE = wholemodule;
				SWIFT_OPTIMIZATION_LEVEL = "-O";
				VALIDATE_PRODUCT = YES;
			};
			name = Release;
		};
		725B468D24B3BDEB0087053E /* Debug */ = {
			isa = XCBuildConfiguration;
			buildSettings = {
				ASSETCATALOG_COMPILER_APPICON_NAME = AppIcon;
				CODE_SIGN_ENTITLEMENTS = launchapp/launchapp.entitlements;
				CODE_SIGN_IDENTITY = "Apple Development";
				CODE_SIGN_STYLE = Automatic;
				DEVELOPMENT_TEAM = TSL9RRYSR6;
				INFOPLIST_FILE = launchapp/Info.plist;
				LD_RUNPATH_SEARCH_PATHS = (
					"$(inherited)",
					"@executable_path/Frameworks",
				);
				PRODUCT_BUNDLE_IDENTIFIER = com.Gabriel.launchapp;
				PRODUCT_NAME = "$(TARGET_NAME)";
				PROVISIONING_PROFILE_SPECIFIER = "";
				SWIFT_VERSION = 5.0;
				TARGETED_DEVICE_FAMILY = "1,2";
			};
			name = Debug;
		};
		725B468E24B3BDEB0087053E /* Release */ = {
			isa = XCBuildConfiguration;
			buildSettings = {
				ASSETCATALOG_COMPILER_APPICON_NAME = AppIcon;
				CODE_SIGN_ENTITLEMENTS = launchapp/launchapp.entitlements;
				CODE_SIGN_IDENTITY = "Apple Development";
				CODE_SIGN_STYLE = Automatic;
				DEVELOPMENT_TEAM = TSL9RRYSR6;
				INFOPLIST_FILE = launchapp/Info.plist;
				LD_RUNPATH_SEARCH_PATHS = (
					"$(inherited)",
					"@executable_path/Frameworks",
				);
				PRODUCT_BUNDLE_IDENTIFIER = com.Gabriel.launchapp;
				PRODUCT_NAME = "$(TARGET_NAME)";
				PROVISIONING_PROFILE_SPECIFIER = "";
				SWIFT_VERSION = 5.0;
				TARGETED_DEVICE_FAMILY = "1,2";
			};
			name = Release;
		};
/* End XCBuildConfiguration section */

/* Begin XCConfigurationList section */
		725B467024B3BDE90087053E /* Build configuration list for PBXProject "launchapp" */ = {
			isa = XCConfigurationList;
			buildConfigurations = (
				725B468A24B3BDEB0087053E /* Debug */,
				725B468B24B3BDEB0087053E /* Release */,
			);
			defaultConfigurationIsVisible = 0;
			defaultConfigurationName = Release;
		};
		725B468C24B3BDEB0087053E /* Build configuration list for PBXNativeTarget "launchapp" */ = {
			isa = XCConfigurationList;
			buildConfigurations = (
				725B468D24B3BDEB0087053E /* Debug */,
				725B468E24B3BDEB0087053E /* Release */,
			);
			defaultConfigurationIsVisible = 0;
			defaultConfigurationName = Release;
		};
/* End XCConfigurationList section */

/* Begin XCVersionGroup section */
		725B468124B3BDEA0087053E /* launchapp.xcdatamodeld */ = {
			isa = XCVersionGroup;
			children = (
				725B468224B3BDEA0087053E /* launchapp.xcdatamodel */,
			);
			currentVersion = 725B468224B3BDEA0087053E /* launchapp.xcdatamodel */;
			path = launchapp.xcdatamodeld;
			sourceTree = "<group>";
			versionGroupType = wrapper.xcdatamodel;
		};
/* End XCVersionGroup section */
	};
	rootObject = 725B466D24B3BDE90087053E /* Project object */;
}
